
Microsoft Visual Studio Solution File, Format Version 11.00
# Visual C# Express 2010
Project("{FAE04EC0-301F-11D3-BF4B-00C04F79EFBC}") = "SplineRead_Buildv0.5", "SplineRead_Build0._002\SplineRead_Buildv0.5.csproj", "{A43854D5-36F4-4ED0-AD5A-709B8F408A5F}"
EndProject
Global
	GlobalSection(SolutionConfigurationPlatforms) = preSolution
		Debug|x86 = Debug|x86
		Release|x86 = Release|x86
	EndGlobalSection
	GlobalSection(ProjectConfigurationPlatforms) = postSolution
		{A43854D5-36F4-4ED0-AD5A-709B8F408A5F}.Debug|x86.ActiveCfg = Debug|x86
		{A43854D5-36F4-4ED0-AD5A-709B8F408A5F}.Debug|x86.Build.0 = Debug|x86
		{A43854D5-36F4-4ED0-AD5A-709B8F408A5F}.Release|x86.ActiveCfg = Release|x86
		{A43854D5-36F4-4ED0-AD5A-709B8F408A5F}.Release|x86.Build.0 = Release|x86
	EndGlobalSection
	GlobalSection(SolutionProperties) = preSolution
		HideSolutionNode = FALSE
	EndGlobalSection
EndGlobal
